
Microsoft Visual Studio Solution File, Format Version 12.00
# Visual Studio Version 17
VisualStudioVersion = 17.11.35208.52
MinimumVisualStudioVersion = 10.0.40219.1
Project("{FAE04EC0-301F-11D3-BF4B-00C04F79EFBC}") = "CALCUKADORA", "CALCUKADORA.csproj", "{03158F12-B713-4EEA-BD23-6D04C722E8D2}"
EndProject
Global
	GlobalSection(SolutionConfigurationPlatforms) = preSolution
		Debug|Any CPU = Debug|Any CPU
		Release|Any CPU = Release|Any CPU
	EndGlobalSection
	GlobalSection(ProjectConfigurationPlatforms) = postSolution
		{03158F12-B713-4EEA-BD23-6D04C722E8D2}.Debug|Any CPU.ActiveCfg = Debug|Any CPU
		{03158F12-B713-4EEA-BD23-6D04C722E8D2}.Debug|Any CPU.Build.0 = Debug|Any CPU
		{03158F12-B713-4EEA-BD23-6D04C722E8D2}.Release|Any CPU.ActiveCfg = Release|Any CPU
		{03158F12-B713-4EEA-BD23-6D04C722E8D2}.Release|Any CPU.Build.0 = Release|Any CPU
	EndGlobalSection
	GlobalSection(SolutionProperties) = preSolution
		HideSolutionNode = FALSE
	EndGlobalSection
	GlobalSection(ExtensibilityGlobals) = postSolution
		SolutionGuid = {83B5EB3D-40EA-4A03-B704-6422C5524192}
	EndGlobalSection
EndGlobal
